// !$*UTF8*$!
{
	archiveVersion = 1;
	classes = {
	};
	objectVersion = 50;
	objects = {

/* Begin PBXBuildFile section */
		82D4F41420A929C50081AC2F /* AppDelegate.m in Sources */ = {isa = PBXBuildFile; fileRef = 82D4F41320A929C50081AC2F /* AppDelegate.m */; };
		82D4F41720A929C50081AC2F /* ViewController.m in Sources */ = {isa = PBXBuildFile; fileRef = 82D4F41620A929C50081AC2F /* ViewController.m */; };
		82D4F41A20A929C50081AC2F /* Main.storyboard in Resources */ = {isa = PBXBuildFile; fileRef = 82D4F41820A929C50081AC2F /* Main.storyboard */; };
		82D4F41C20A929C70081AC2F /* Assets.xcassets in Resources */ = {isa = PBXBuildFile; fileRef = 82D4F41B20A929C70081AC2F /* Assets.xcassets */; };
		82D4F41F20A929C70081AC2F /* LaunchScreen.storyboard in Resources */ = {isa = PBXBuildFile; fileRef = 82D4F41D20A929C70081AC2F /* LaunchScreen.storyboard */; };
		82D4F42220A929C70081AC2F /* main.m in Sources */ = {isa = PBXBuildFile; fileRef = 82D4F42120A929C70081AC2F /* main.m */; };
		82D9331C20B68DD3002B17D3 /* lame.framework in Frameworks */ = {isa = PBXBuildFile; fileRef = 82D9331720B68DD3002B17D3 /* lame.framework */; };
		82D9331D20B68DD3002B17D3 /* ZXLRecorder.m in Sources */ = {isa = PBXBuildFile; fileRef = 82D9331820B68DD3002B17D3 /* ZXLRecorder.m */; };
		82D9331E20B68DD3002B17D3 /* ZXLThread.m in Sources */ = {isa = PBXBuildFile; fileRef = 82D9331B20B68DD3002B17D3 /* ZXLThread.m */; };
/* End PBXBuildFile section */

/* Begin PBXFileReference section */
		82D4F40F20A929C50081AC2F /* ZXLRecorder.app */ = {isa = PBXFileReference; explicitFileType = wrapper.application; includeInIndex = 0; path = ZXLRecorder.app; sourceTree = BUILT_PRODUCTS_DIR; };
		82D4F41220A929C50081AC2F /* AppDelegate.h */ = {isa = PBXFileReference; lastKnownFileType = sourcecode.c.h; path = AppDelegate.h; sourceTree = "<group>"; };
		82D4F41320A929C50081AC2F /* AppDelegate.m */ = {isa = PBXFileReference; lastKnownFileType = sourcecode.c.objc; path = AppDelegate.m; sourceTree = "<group>"; };
		82D4F41520A929C50081AC2F /* ViewController.h */ = {isa = PBXFileReference; lastKnownFileType = sourcecode.c.h; path = ViewController.h; sourceTree = "<group>"; };
		82D4F41620A929C50081AC2F /* ViewController.m */ = {isa = PBXFileReference; lastKnownFileType = sourcecode.c.objc; path = ViewController.m; sourceTree = "<group>"; };
		82D4F41920A929C50081AC2F /* Base */ = {isa = PBXFileReference; lastKnownFileType = file.storyboard; name = Base; path = Base.lproj/Main.storyboard; sourceTree = "<group>"; };
		82D4F41B20A929C70081AC2F /* Assets.xcassets */ = {isa = PBXFileReference; lastKnownFileType = folder.assetcatalog; path = Assets.xcassets; sourceTree = "<group>"; };
		82D4F41E20A929C70081AC2F /* Base */ = {isa = PBXFileReference; lastKnownFileType = file.storyboard; name = Base; path = Base.lproj/LaunchScreen.storyboard; sourceTree = "<group>"; };
		82D4F42020A929C70081AC2F /* Info.plist */ = {isa = PBXFileReference; lastKnownFileType = text.plist.xml; path = Info.plist; sourceTree = "<group>"; };
		82D4F42120A929C70081AC2F /* main.m */ = {isa = PBXFileReference; lastKnownFileType = sourcecode.c.objc; path = main.m; sourceTree = "<group>"; };
		82D9331720B68DD3002B17D3 /* lame.framework */ = {isa = PBXFileReference; lastKnownFileType = wrapper.framework; path = lame.framework; sourceTree = "<group>"; };
		82D9331820B68DD3002B17D3 /* ZXLRecorder.m */ = {isa = PBXFileReference; fileEncoding = 4; lastKnownFileType = sourcecode.c.objc; path = ZXLRecorder.m; sourceTree = "<group>"; };
		82D9331920B68DD3002B17D3 /* ZXLThread.h */ = {isa = PBXFileReference; fileEncoding = 4; lastKnownFileType = sourcecode.c.h; path = ZXLThread.h; sourceTree = "<group>"; };
		82D9331A20B68DD3002B17D3 /* ZXLRecorder.h */ = {isa = PBXFileReference; fileEncoding = 4; lastKnownFileType = sourcecode.c.h; path = ZXLRecorder.h; sourceTree = "<group>"; };
		82D9331B20B68DD3002B17D3 /* ZXLThread.m */ = {isa = PBXFileReference; fileEncoding = 4; lastKnownFileType = sourcecode.c.objc; path = ZXLThread.m; sourceTree = "<group>"; };
/* End PBXFileReference section */

/* Begin PBXFrameworksBuildPhase section */
		82D4F40C20A929C50081AC2F /* Frameworks */ = {
			isa = PBXFrameworksBuildPhase;
			buildActionMask = 2147483647;
			files = (
				82D9331C20B68DD3002B17D3 /* lame.framework in Frameworks */,
			);
			runOnlyForDeploymentPostprocessing = 0;
		};
/* End PBXFrameworksBuildPhase section */

/* Begin PBXGroup section */
		82D4F40620A929C50081AC2F = {
			isa = PBXGroup;
			children = (
				82D4F41120A929C50081AC2F /* ZXLRecorder */,
				82D4F41020A929C50081AC2F /* Products */,
			);
			sourceTree = "<group>";
		};
		82D4F41020A929C50081AC2F /* Products */ = {
			isa = PBXGroup;
			children = (
				82D4F40F20A929C50081AC2F /* ZXLRecorder.app */,
			);
			name = Products;
			sourceTree = "<group>";
		};
		82D4F41120A929C50081AC2F /* ZXLRecorder */ = {
			isa = PBXGroup;
			children = (
				82D4F41220A929C50081AC2F /* AppDelegate.h */,
				82D4F41320A929C50081AC2F /* AppDelegate.m */,
				82D4F41520A929C50081AC2F /* ViewController.h */,
				82D4F41620A929C50081AC2F /* ViewController.m */,
				82D9331620B68DD3002B17D3 /* Recorder */,
				82D9331720B68DD3002B17D3 /* lame.framework */,
				82D4F41820A929C50081AC2F /* Main.storyboard */,
				82D4F41B20A929C70081AC2F /* Assets.xcassets */,
				82D4F41D20A929C70081AC2F /* LaunchScreen.storyboard */,
				82D4F42020A929C70081AC2F /* Info.plist */,
				82D4F42120A929C70081AC2F /* main.m */,
			);
			path = ZXLRecorder;
			sourceTree = "<group>";
		};
		82D9331620B68DD3002B17D3 /* Recorder */ = {
			isa = PBXGroup;
			children = (
				82D9331A20B68DD3002B17D3 /* ZXLRecorder.h */,
				82D9331820B68DD3002B17D3 /* ZXLRecorder.m */,
				82D9331920B68DD3002B17D3 /* ZXLThread.h */,
				82D9331B20B68DD3002B17D3 /* ZXLThread.m */,
			);
			path = Recorder;
			sourceTree = "<group>";
		};
/* End PBXGroup section */

/* Begin PBXNativeTarget section */
		82D4F40E20A929C50081AC2F /* ZXLRecorder */ = {
			isa = PBXNativeTarget;
			buildConfigurationList = 82D4F42520A929C70081AC2F /* Build configuration list for PBXNativeTarget "ZXLRecorder" */;
			buildPhases = (
				82D4F40B20A929C50081AC2F /* Sources */,
				82D4F40C20A929C50081AC2F /* Frameworks */,
				82D4F40D20A929C50081AC2F /* Resources */,
			);
			buildRules = (
			);
			dependencies = (
			);
			name = ZXLRecorder;
			productName = ZXLRecorder;
			productReference = 82D4F40F20A929C50081AC2F /* ZXLRecorder.app */;
			productType = "com.apple.product-type.application";
		};
/* End PBXNativeTarget section */

/* Begin PBXProject section */
		82D4F40720A929C50081AC2F /* Project object */ = {
			isa = PBXProject;
			attributes = {
				LastUpgradeCheck = 0930;
				ORGANIZATIONNAME = "张小龙";
				TargetAttributes = {
					82D4F40E20A929C50081AC2F = {
						CreatedOnToolsVersion = 9.3;
						SystemCapabilities = {
							com.apple.BackgroundModes = {
								enabled = 1;
							};
						};
					};
				};
			};
			buildConfigurationList = 82D4F40A20A929C50081AC2F /* Build configuration list for PBXProject "ZXLRecorder" */;
			compatibilityVersion = "Xcode 9.3";
			developmentRegion = en;
			hasScannedForEncodings = 0;
			knownRegions = (
				en,
				Base,
			);
			mainGroup = 82D4F40620A929C50081AC2F;
			productRefGroup = 82D4F41020A929C50081AC2F /* Products */;
			projectDirPath = "";
			projectRoot = "";
			targets = (
				82D4F40E20A929C50081AC2F /* ZXLRecorder */,
			);
		};
/* End PBXProject section */

/* Begin PBXResourcesBuildPhase section */
		82D4F40D20A929C50081AC2F /* Resources */ = {
			isa = PBXResourcesBuildPhase;
			buildActionMask = 2147483647;
			files = (
				82D4F41F20A929C70081AC2F /* LaunchScreen.storyboard in Resources */,
				82D4F41C20A929C70081AC2F /* Assets.xcassets in Resources */,
				82D4F41A20A929C50081AC2F /* Main.storyboard in Resources */,
			);
			runOnlyForDeploymentPostprocessing = 0;
		};
/* End PBXResourcesBuildPhase section */

/* Begin PBXSourcesBuildPhase section */
		82D4F40B20A929C50081AC2F /* Sources */ = {
			isa = PBXSourcesBuildPhase;
			buildActionMask = 2147483647;
			files = (
				82D9331E20B68DD3002B17D3 /* ZXLThread.m in Sources */,
				82D4F41720A929C50081AC2F /* ViewController.m in Sources */,
				82D4F42220A929C70081AC2F /* main.m in Sources */,
				82D9331D20B68DD3002B17D3 /* ZXLRecorder.m in Sources */,
				82D4F41420A929C50081AC2F /* AppDelegate.m in Sources */,
			);
			runOnlyForDeploymentPostprocessing = 0;
		};
/* End PBXSourcesBuildPhase section */

/* Begin PBXVariantGroup section */
		82D4F41820A929C50081AC2F /* Main.storyboard */ = {
			isa = PBXVariantGroup;
			children = (
				82D4F41920A929C50081AC2F /* Base */,
			);
			name = Main.storyboard;
			sourceTree = "<group>";
		};
		82D4F41D20A929C70081AC2F /* LaunchScreen.storyboard */ = {
			isa = PBXVariantGroup;
			children = (
				82D4F41E20A929C70081AC2F /* Base */,
			);
			name = LaunchScreen.storyboard;
			sourceTree = "<group>";
		};
/* End PBXVariantGroup section */

/* Begin XCBuildConfiguration section */
		82D4F42320A929C70081AC2F /* Debug */ = {
			isa = XCBuildConfiguration;
			buildSettings = {
				ALWAYS_SEARCH_USER_PATHS = NO;
				CLANG_ANALYZER_NONNULL = YES;
				CLANG_ANALYZER_NUMBER_OBJECT_CONVERSION = YES_AGGRESSIVE;
				CLANG_CXX_LANGUAGE_STANDARD = "gnu++14";
				CLANG_CXX_LIBRARY = "libc++";
				CLANG_ENABLE_MODULES = YES;
				CLANG_ENABLE_OBJC_ARC = YES;
				CLANG_ENABLE_OBJC_WEAK = YES;
				CLANG_WARN_BLOCK_CAPTURE_AUTORELEASING = YES;
				CLANG_WARN_BOOL_CONVERSION = YES;
				CLANG_WARN_COMMA = YES;
				CLANG_WARN_CONSTANT_CONVERSION = YES;
				CLANG_WARN_DEPRECATED_OBJC_IMPLEMENTATIONS = YES;
				CLANG_WARN_DIRECT_OBJC_ISA_USAGE = YES_ERROR;
				CLANG_WARN_DOCUMENTATION_COMMENTS = YES;
				CLANG_WARN_EMPTY_BODY = YES;
				CLANG_WARN_ENUM_CONVERSION = YES;
				CLANG_WARN_INFINITE_RECURSION = YES;
				CLANG_WARN_INT_CONVERSION = YES;
				CLANG_WARN_NON_LITERAL_NULL_CONVERSION = YES;
				CLANG_WARN_OBJC_IMPLICIT_RETAIN_SELF = YES;
				CLANG_WARN_OBJC_LITERAL_CONVERSION = YES;
				CLANG_WARN_OBJC_ROOT_CLASS = YES_ERROR;
				CLANG_WARN_RANGE_LOOP_ANALYSIS = YES;
				CLANG_WARN_STRICT_PROTOTYPES = YES;
				CLANG_WARN_SUSPICIOUS_MOVE = YES;
				CLANG_WARN_UNGUARDED_AVAILABILITY = YES_AGGRESSIVE;
				CLANG_WARN_UNREACHABLE_CODE = YES;
				CLANG_WARN__DUPLICATE_METHOD_MATCH = YES;
				CODE_SIGN_IDENTITY = "iPhone Developer";
				COPY_PHASE_STRIP = NO;
				DEBUG_INFORMATION_FORMAT = dwarf;
				ENABLE_STRICT_OBJC_MSGSEND = YES;
				ENABLE_TESTABILITY = YES;
				GCC_C_LANGUAGE_STANDARD = gnu11;
				GCC_DYNAMIC_NO_PIC = NO;
				GCC_NO_COMMON_BLOCKS = YES;
				GCC_OPTIMIZATION_LEVEL = 0;
				GCC_PREPROCESSOR_DEFINITIONS = (
					"DEBUG=1",
					"$(inherited)",
				);
				GCC_WARN_64_TO_32_BIT_CONVERSION = YES;
				GCC_WARN_ABOUT_RETURN_TYPE = YES_ERROR;
				GCC_WARN_UNDECLARED_SELECTOR = YES;
				GCC_WARN_UNINITIALIZED_AUTOS = YES_AGGRESSIVE;
				GCC_WARN_UNUSED_FUNCTION = YES;
				GCC_WARN_UNUSED_VARIABLE = YES;
				IPHONEOS_DEPLOYMENT_TARGET = 11.3;
				MTL_ENABLE_DEBUG_INFO = YES;
				ONLY_ACTIVE_ARCH = YES;
				SDKROOT = iphoneos;
			};
			name = Debug;
		};
		82D4F42420A929C70081AC2F /* Release */ = {
			isa = XCBuildConfiguration;
			buildSettings = {
				ALWAYS_SEARCH_USER_PATHS = NO;
				CLANG_ANALYZER_NONNULL = YES;
				CLANG_ANALYZER_NUMBER_OBJECT_CONVERSION = YES_AGGRESSIVE;
				CLANG_CXX_LANGUAGE_STANDARD = "gnu++14";
				CLANG_CXX_LIBRARY = "libc++";
				CLANG_ENABLE_MODULES = YES;
				CLANG_ENABLE_OBJC_ARC = YES;
				CLANG_ENABLE_OBJC_WEAK = YES;
				CLANG_WARN_BLOCK_CAPTURE_AUTORELEASING = YES;
				CLANG_WARN_BOOL_CONVERSION = YES;
				CLANG_WARN_COMMA = YES;
				CLANG_WARN_CONSTANT_CONVERSION = YES;
				CLANG_WARN_DEPRECATED_OBJC_IMPLEMENTATIONS = YES;
				CLANG_WARN_DIRECT_OBJC_ISA_USAGE = YES_ERROR;
				CLANG_WARN_DOCUMENTATION_COMMENTS = YES;
				CLANG_WARN_EMPTY_BODY = YES;
				CLANG_WARN_ENUM_CONVERSION = YES;
				CLANG_WARN_INFINITE_RECURSION = YES;
				CLANG_WARN_INT_CONVERSION = YES;
				CLANG_WARN_NON_LITERAL_NULL_CONVERSION = YES;
				CLANG_WARN_OBJC_IMPLICIT_RETAIN_SELF = YES;
				CLANG_WARN_OBJC_LITERAL_CONVERSION = YES;
				CLANG_WARN_OBJC_ROOT_CLASS = YES_ERROR;
				CLANG_WARN_RANGE_LOOP_ANALYSIS = YES;
				CLANG_WARN_STRICT_PROTOTYPES = YES;
				CLANG_WARN_SUSPICIOUS_MOVE = YES;
				CLANG_WARN_UNGUARDED_AVAILABILITY = YES_AGGRESSIVE;
				CLANG_WARN_UNREACHABLE_CODE = YES;
				CLANG_WARN__DUPLICATE_METHOD_MATCH = YES;
				CODE_SIGN_IDENTITY = "iPhone Developer";
				COPY_PHASE_STRIP = NO;
				DEBUG_INFORMATION_FORMAT = "dwarf-with-dsym";
				ENABLE_NS_ASSERTIONS = NO;
				ENABLE_STRICT_OBJC_MSGSEND = YES;
				GCC_C_LANGUAGE_STANDARD = gnu11;
				GCC_NO_COMMON_BLOCKS = YES;
				GCC_WARN_64_TO_32_BIT_CONVERSION = YES;
				GCC_WARN_ABOUT_RETURN_TYPE = YES_ERROR;
				GCC_WARN_UNDECLARED_SELECTOR = YES;
				GCC_WARN_UNINITIALIZED_AUTOS = YES_AGGRESSIVE;
				GCC_WARN_UNUSED_FUNCTION = YES;
				GCC_WARN_UNUSED_VARIABLE = YES;
				IPHONEOS_DEPLOYMENT_TARGET = 11.3;
				MTL_ENABLE_DEBUG_INFO = NO;
				SDKROOT = iphoneos;
				VALIDATE_PRODUCT = YES;
			};
			name = Release;
		};
		82D4F42620A929C70081AC2F /* Debug */ = {
			isa = XCBuildConfiguration;
			buildSettings = {
				ASSETCATALOG_COMPILER_APPICON_NAME = AppIcon;
				CODE_SIGN_STYLE = Automatic;
				DEVELOPMENT_TEAM = 7T87C2R7MW;
				FRAMEWORK_SEARCH_PATHS = (
					"$(inherited)",
					"$(PROJECT_DIR)/ZXLRecorder",
					"$(PROJECT_DIR)/ZXLRecorder/Recorder",
				);
				INFOPLIST_FILE = ZXLRecorder/Info.plist;
				IPHONEOS_DEPLOYMENT_TARGET = 9.0;
				LD_RUNPATH_SEARCH_PATHS = (
					"$(inherited)",
					"@executable_path/Frameworks",
				);
				OTHER_LDFLAGS = "-w";
				PRODUCT_BUNDLE_IDENTIFIER = com.zxl.RecorderDome.ZXLRecorder;
				PRODUCT_NAME = "$(TARGET_NAME)";
				TARGETED_DEVICE_FAMILY = "1,2";
			};
			name = Debug;
		};
		82D4F42720A929C70081AC2F /* Release */ = {
			isa = XCBuildConfiguration;
			buildSettings = {
				ASSETCATALOG_COMPILER_APPICON_NAME = AppIcon;
				CODE_SIGN_STYLE = Automatic;
				DEVELOPMENT_TEAM = 7T87C2R7MW;
				FRAMEWORK_SEARCH_PATHS = (
					"$(inherited)",
					"$(PROJECT_DIR)/ZXLRecorder",
					"$(PROJECT_DIR)/ZXLRecorder/Recorder",
				);
				INFOPLIST_FILE = ZXLRecorder/Info.plist;
				IPHONEOS_DEPLOYMENT_TARGET = 9.0;
				LD_RUNPATH_SEARCH_PATHS = (
					"$(inherited)",
					"@executable_path/Frameworks",
				);
				OTHER_LDFLAGS = "-w";
				PRODUCT_BUNDLE_IDENTIFIER = com.zxl.RecorderDome.ZXLRecorder;
				PRODUCT_NAME = "$(TARGET_NAME)";
				TARGETED_DEVICE_FAMILY = "1,2";
			};
			name = Release;
		};
/* End XCBuildConfiguration section */

/* Begin XCConfigurationList section */
		82D4F40A20A929C50081AC2F /* Build configuration list for PBXProject "ZXLRecorder" */ = {
			isa = XCConfigurationList;
			buildConfigurations = (
				82D4F42320A929C70081AC2F /* Debug */,
				82D4F42420A929C70081AC2F /* Release */,
			);
			defaultConfigurationIsVisible = 0;
			defaultConfigurationName = Release;
		};
		82D4F42520A929C70081AC2F /* Build configuration list for PBXNativeTarget "ZXLRecorder" */ = {
			isa = XCConfigurationList;
			buildConfigurations = (
				82D4F42620A929C70081AC2F /* Debug */,
				82D4F42720A929C70081AC2F /* Release */,
			);
			defaultConfigurationIsVisible = 0;
			defaultConfigurationName = Release;
		};
/* End XCConfigurationList section */
	};
	rootObject = 82D4F40720A929C50081AC2F /* Project object */;
}
